
Microsoft Visual Studio Solution File, Format Version 12.00
# Visual Studio Version 17
VisualStudioVersion = 17.3.32922.545
MinimumVisualStudioVersion = 10.0.40219.1
Project("{FAE04EC0-301F-11D3-BF4B-00C04F79EFBC}") = "API", "API\API.csproj", "{DCEB478B-38E5-42FF-80B8-86886F7D7F13}"
EndProject
Global
	GlobalSection(SolutionConfigurationPlatforms) = preSolution
		Debug|Any CPU = Debug|Any CPU
		Release|Any CPU = Release|Any CPU
	EndGlobalSection
	GlobalSection(ProjectConfigurationPlatforms) = postSolution
		{DCEB478B-38E5-42FF-80B8-86886F7D7F13}.Debug|Any CPU.ActiveCfg = Debug|Any CPU
		{DCEB478B-38E5-42FF-80B8-86886F7D7F13}.Debug|Any CPU.Build.0 = Debug|Any CPU
		{DCEB478B-38E5-42FF-80B8-86886F7D7F13}.Release|Any CPU.ActiveCfg = Release|Any CPU
		{DCEB478B-38E5-42FF-80B8-86886F7D7F13}.Release|Any CPU.Build.0 = Release|Any CPU
	EndGlobalSection
	GlobalSection(SolutionProperties) = preSolution
		HideSolutionNode = FALSE
	EndGlobalSection
	GlobalSection(ExtensibilityGlobals) = postSolution
		SolutionGuid = {5BF71ABA-2047-40C2-A106-97EACED0E9BC}
	EndGlobalSection
EndGlobal
